// !$*UTF8*$!
{
	archiveVersion = 1;
	classes = {
	};
	objectVersion = 56;
	objects = {

/* Begin PBXBuildFile section */
		7915FB0628D3BF80009CBE0B /* ItemDetailsView.swift in Sources */ = {isa = PBXBuildFile; fileRef = 7915FB0528D3BF80009CBE0B /* ItemDetailsView.swift */; };
		7915FB0928D3C0AE009CBE0B /* ItemListView.swift in Sources */ = {isa = PBXBuildFile; fileRef = 7915FB0828D3C0AE009CBE0B /* ItemListView.swift */; };
		7915FB0B28D3C10F009CBE0B /* CategoryListViewBuilder.swift in Sources */ = {isa = PBXBuildFile; fileRef = 7915FB0A28D3C10F009CBE0B /* CategoryListViewBuilder.swift */; };
		7915FB1228D3C438009CBE0B /* ContentView.swift in Sources */ = {isa = PBXBuildFile; fileRef = 7915FB1128D3C438009CBE0B /* ContentView.swift */; };
		791BBEDF28D26C8200B3B7D5 /* APIFoodItemFoodItemMapperTests.swift in Sources */ = {isa = PBXBuildFile; fileRef = 791BBEDE28D26C8200B3B7D5 /* APIFoodItemFoodItemMapperTests.swift */; };
		791BBEE128D26EC200B3B7D5 /* APINonFoodItemNonFoodItemMapperTests.swift in Sources */ = {isa = PBXBuildFile; fileRef = 791BBEE028D26EC200B3B7D5 /* APINonFoodItemNonFoodItemMapperTests.swift */; };
		791BBEE328D2701F00B3B7D5 /* CategoryAPICategoryMapperTests.swift in Sources */ = {isa = PBXBuildFile; fileRef = 791BBEE228D2701F00B3B7D5 /* CategoryAPICategoryMapperTests.swift */; };
		7927C42028D5709D00ED3044 /* Color+hexaInit.swift in Sources */ = {isa = PBXBuildFile; fileRef = 7927C41F28D5709D00ED3044 /* Color+hexaInit.swift */; };
		7927C42228D57E6000ED3044 /* CategoryTitleRepository.swift in Sources */ = {isa = PBXBuildFile; fileRef = 7927C42128D57E6000ED3044 /* CategoryTitleRepository.swift */; };
		7927C42428D57ED600ED3044 /* GetCategoryTitleUseCase.swift in Sources */ = {isa = PBXBuildFile; fileRef = 7927C42328D57ED600ED3044 /* GetCategoryTitleUseCase.swift */; };
		797CB2C528D154E60055D398 /* ZeldaBreathOfTheWildApp.swift in Sources */ = {isa = PBXBuildFile; fileRef = 797CB2C428D154E60055D398 /* ZeldaBreathOfTheWildApp.swift */; };
		797CB2C928D154E80055D398 /* Assets.xcassets in Resources */ = {isa = PBXBuildFile; fileRef = 797CB2C828D154E80055D398 /* Assets.xcassets */; };
		797CB2CC28D154E80055D398 /* Preview Assets.xcassets in Resources */ = {isa = PBXBuildFile; fileRef = 797CB2CB28D154E80055D398 /* Preview Assets.xcassets */; };
		797CB2E028D154E80055D398 /* ZeldaBreathOfTheWildUITests.swift in Sources */ = {isa = PBXBuildFile; fileRef = 797CB2DF28D154E80055D398 /* ZeldaBreathOfTheWildUITests.swift */; };
		797CB2F828D159060055D398 /* MockURLProtocol.swift in Sources */ = {isa = PBXBuildFile; fileRef = 797CB2F728D159060055D398 /* MockURLProtocol.swift */; };
		797CB2FC28D15B040055D398 /* WebClientProtocol.swift in Sources */ = {isa = PBXBuildFile; fileRef = 797CB2FB28D15B040055D398 /* WebClientProtocol.swift */; };
		797CB2FE28D15B530055D398 /* RESTClient.swift in Sources */ = {isa = PBXBuildFile; fileRef = 797CB2FD28D15B530055D398 /* RESTClient.swift */; };
		797CB30328D15FA30055D398 /* RESTClientTests.swift in Sources */ = {isa = PBXBuildFile; fileRef = 797CB30228D15FA30055D398 /* RESTClientTests.swift */; };
		797CB30528D165DE0055D398 /* Endpoint.swift in Sources */ = {isa = PBXBuildFile; fileRef = 797CB30428D165DE0055D398 /* Endpoint.swift */; };
		797CB30B28D167F10055D398 /* NonConsumableItemsService.swift in Sources */ = {isa = PBXBuildFile; fileRef = 797CB30A28D167F10055D398 /* NonConsumableItemsService.swift */; };
		797CB30D28D16AB40055D398 /* ServiceError.swift in Sources */ = {isa = PBXBuildFile; fileRef = 797CB30C28D16AB40055D398 /* ServiceError.swift */; };
		797CB30F28D16B190055D398 /* APICategory.swift in Sources */ = {isa = PBXBuildFile; fileRef = 797CB30E28D16B190055D398 /* APICategory.swift */; };
		797CB31128D16B280055D398 /* APIConsumableItemsResponse.swift in Sources */ = {isa = PBXBuildFile; fileRef = 797CB31028D16B280055D398 /* APIConsumableItemsResponse.swift */; };
		797CB31328D16C4A0055D398 /* DataConstants.swift in Sources */ = {isa = PBXBuildFile; fileRef = 797CB31228D16C4A0055D398 /* DataConstants.swift */; };
		797CB31728D16CD20055D398 /* CategoryItemsServiceTests.swift in Sources */ = {isa = PBXBuildFile; fileRef = 797CB31628D16CD20055D398 /* CategoryItemsServiceTests.swift */; };
		797E0A9928D3AE4300F9EE1F /* APIFoodItemBuilder.swift in Sources */ = {isa = PBXBuildFile; fileRef = 797E0A9828D3AE4300F9EE1F /* APIFoodItemBuilder.swift */; };
		797E0A9B28D3AEB300F9EE1F /* APINonFoodItemBuilder.swift in Sources */ = {isa = PBXBuildFile; fileRef = 797E0A9A28D3AEB300F9EE1F /* APINonFoodItemBuilder.swift */; };
		797E0A9D28D3AF5F00F9EE1F /* DefaultAPICategoryItemsResponseCategoryItemsMapperTests.swift in Sources */ = {isa = PBXBuildFile; fileRef = 797E0A9C28D3AF5F00F9EE1F /* DefaultAPICategoryItemsResponseCategoryItemsMapperTests.swift */; };
		797E0AA028D3B8FE00F9EE1F /* CategoryListView.swift in Sources */ = {isa = PBXBuildFile; fileRef = 797E0A9F28D3B8FE00F9EE1F /* CategoryListView.swift */; };
		79B347C228D55EA600AAB300 /* ItemListViewModel.swift in Sources */ = {isa = PBXBuildFile; fileRef = 79B347C128D55EA600AAB300 /* ItemListViewModel.swift */; };
		79B8D9FE28D6927A00A12A70 /* ItemListNextViewBuilder.swift in Sources */ = {isa = PBXBuildFile; fileRef = 79B8D9FD28D6927A00A12A70 /* ItemListNextViewBuilder.swift */; };
		79B8DA0028D69BC900A12A70 /* FetchCategoryItemsUseCase.swift in Sources */ = {isa = PBXBuildFile; fileRef = 79B8D9FF28D69BC900A12A70 /* FetchCategoryItemsUseCase.swift */; };
		79CBD92B28D25DE9001E4D92 /* FakeWebClient.swift in Sources */ = {isa = PBXBuildFile; fileRef = 79CBD92A28D25DE9001E4D92 /* FakeWebClient.swift */; };
		79CBD92E28D262B3001E4D92 /* Category.swift in Sources */ = {isa = PBXBuildFile; fileRef = 79CBD92D28D262B3001E4D92 /* Category.swift */; };
		79CBD93028D262E2001E4D92 /* CategoryItems.swift in Sources */ = {isa = PBXBuildFile; fileRef = 79CBD92F28D262E2001E4D92 /* CategoryItems.swift */; };
		79CBD93228D263B2001E4D92 /* CategoryAPICategoryMapper.swift in Sources */ = {isa = PBXBuildFile; fileRef = 79CBD93128D263B2001E4D92 /* CategoryAPICategoryMapper.swift */; };
		79CBD93428D2643D001E4D92 /* MapperError.swift in Sources */ = {isa = PBXBuildFile; fileRef = 79CBD93328D2643D001E4D92 /* MapperError.swift */; };
		79CBD93628D2656A001E4D92 /* APICategoryItemsResponseCategoryItemsMapper.swift in Sources */ = {isa = PBXBuildFile; fileRef = 79CBD93528D2656A001E4D92 /* APICategoryItemsResponseCategoryItemsMapper.swift */; };
		79CBD93828D26899001E4D92 /* EndpointTests.swift in Sources */ = {isa = PBXBuildFile; fileRef = 79CBD93728D26899001E4D92 /* EndpointTests.swift */; };
		79CDF66628D66B93002DCD45 /* CategoryCardView.swift in Sources */ = {isa = PBXBuildFile; fileRef = 79CDF66528D66B93002DCD45 /* CategoryCardView.swift */; };
		79CDF66828D6718E002DCD45 /* ItemListRowView.swift in Sources */ = {isa = PBXBuildFile; fileRef = 79CDF66728D6718E002DCD45 /* ItemListRowView.swift */; };
		79CDF66A28D67CC6002DCD45 /* ItemDetailsViewModel.swift in Sources */ = {isa = PBXBuildFile; fileRef = 79CDF66928D67CC6002DCD45 /* ItemDetailsViewModel.swift */; };
		79CDF66C28D6822E002DCD45 /* CategoryListNextViewBuilder.swift in Sources */ = {isa = PBXBuildFile; fileRef = 79CDF66B28D6822E002DCD45 /* CategoryListNextViewBuilder.swift */; };
		79CDF67028D68382002DCD45 /* CategoryListViewModel.swift in Sources */ = {isa = PBXBuildFile; fileRef = 79CDF66F28D68382002DCD45 /* CategoryListViewModel.swift */; };
/* End PBXBuildFile section */

/* Begin PBXContainerItemProxy section */
		797CB2D228D154E80055D398 /* PBXContainerItemProxy */ = {
			isa = PBXContainerItemProxy;
			containerPortal = 797CB2B928D154E60055D398 /* Project object */;
			proxyType = 1;
			remoteGlobalIDString = 797CB2C028D154E60055D398;
			remoteInfo = ZeldaBreathOfTheWild;
		};
		797CB2DC28D154E80055D398 /* PBXContainerItemProxy */ = {
			isa = PBXContainerItemProxy;
			containerPortal = 797CB2B928D154E60055D398 /* Project object */;
			proxyType = 1;
			remoteGlobalIDString = 797CB2C028D154E60055D398;
			remoteInfo = ZeldaBreathOfTheWild;
		};
/* End PBXContainerItemProxy section */

/* Begin PBXFileReference section */
		7915FB0528D3BF80009CBE0B /* ItemDetailsView.swift */ = {isa = PBXFileReference; lastKnownFileType = sourcecode.swift; path = ItemDetailsView.swift; sourceTree = "<group>"; };
		7915FB0828D3C0AE009CBE0B /* ItemListView.swift */ = {isa = PBXFileReference; lastKnownFileType = sourcecode.swift; path = ItemListView.swift; sourceTree = "<group>"; };
		7915FB0A28D3C10F009CBE0B /* CategoryListViewBuilder.swift */ = {isa = PBXFileReference; lastKnownFileType = sourcecode.swift; path = CategoryListViewBuilder.swift; sourceTree = "<group>"; };
		7915FB1128D3C438009CBE0B /* ContentView.swift */ = {isa = PBXFileReference; lastKnownFileType = sourcecode.swift; path = ContentView.swift; sourceTree = "<group>"; };
		791BBEDE28D26C8200B3B7D5 /* APIFoodItemFoodItemMapperTests.swift */ = {isa = PBXFileReference; lastKnownFileType = sourcecode.swift; path = APIFoodItemFoodItemMapperTests.swift; sourceTree = "<group>"; };
		791BBEE028D26EC200B3B7D5 /* APINonFoodItemNonFoodItemMapperTests.swift */ = {isa = PBXFileReference; lastKnownFileType = sourcecode.swift; path = APINonFoodItemNonFoodItemMapperTests.swift; sourceTree = "<group>"; };
		791BBEE228D2701F00B3B7D5 /* CategoryAPICategoryMapperTests.swift */ = {isa = PBXFileReference; lastKnownFileType = sourcecode.swift; path = CategoryAPICategoryMapperTests.swift; sourceTree = "<group>"; };
		7927C41F28D5709D00ED3044 /* Color+hexaInit.swift */ = {isa = PBXFileReference; lastKnownFileType = sourcecode.swift; path = "Color+hexaInit.swift"; sourceTree = "<group>"; };
		7927C42128D57E6000ED3044 /* CategoryTitleRepository.swift */ = {isa = PBXFileReference; lastKnownFileType = sourcecode.swift; path = CategoryTitleRepository.swift; sourceTree = "<group>"; };
		7927C42328D57ED600ED3044 /* GetCategoryTitleUseCase.swift */ = {isa = PBXFileReference; lastKnownFileType = sourcecode.swift; path = GetCategoryTitleUseCase.swift; sourceTree = "<group>"; };
		797CB2C128D154E60055D398 /* ZeldaBreathOfTheWild.app */ = {isa = PBXFileReference; explicitFileType = wrapper.application; includeInIndex = 0; path = ZeldaBreathOfTheWild.app; sourceTree = BUILT_PRODUCTS_DIR; };
		797CB2C428D154E60055D398 /* ZeldaBreathOfTheWildApp.swift */ = {isa = PBXFileReference; lastKnownFileType = sourcecode.swift; path = ZeldaBreathOfTheWildApp.swift; sourceTree = "<group>"; };
		797CB2C828D154E80055D398 /* Assets.xcassets */ = {isa = PBXFileReference; lastKnownFileType = folder.assetcatalog; path = Assets.xcassets; sourceTree = "<group>"; };
		797CB2CB28D154E80055D398 /* Preview Assets.xcassets */ = {isa = PBXFileReference; lastKnownFileType = folder.assetcatalog; path = "Preview Assets.xcassets"; sourceTree = "<group>"; };
		797CB2D128D154E80055D398 /* ZeldaBreathOfTheWildTests.xctest */ = {isa = PBXFileReference; explicitFileType = wrapper.cfbundle; includeInIndex = 0; path = ZeldaBreathOfTheWildTests.xctest; sourceTree = BUILT_PRODUCTS_DIR; };
		797CB2DB28D154E80055D398 /* ZeldaBreathOfTheWildUITests.xctest */ = {isa = PBXFileReference; explicitFileType = wrapper.cfbundle; includeInIndex = 0; path = ZeldaBreathOfTheWildUITests.xctest; sourceTree = BUILT_PRODUCTS_DIR; };
		797CB2DF28D154E80055D398 /* ZeldaBreathOfTheWildUITests.swift */ = {isa = PBXFileReference; lastKnownFileType = sourcecode.swift; path = ZeldaBreathOfTheWildUITests.swift; sourceTree = "<group>"; };
		797CB2F728D159060055D398 /* MockURLProtocol.swift */ = {isa = PBXFileReference; lastKnownFileType = sourcecode.swift; path = MockURLProtocol.swift; sourceTree = "<group>"; };
		797CB2FB28D15B040055D398 /* WebClientProtocol.swift */ = {isa = PBXFileReference; lastKnownFileType = sourcecode.swift; path = WebClientProtocol.swift; sourceTree = "<group>"; };
		797CB2FD28D15B530055D398 /* RESTClient.swift */ = {isa = PBXFileReference; lastKnownFileType = sourcecode.swift; path = RESTClient.swift; sourceTree = "<group>"; };
		797CB30228D15FA30055D398 /* RESTClientTests.swift */ = {isa = PBXFileReference; lastKnownFileType = sourcecode.swift; path = RESTClientTests.swift; sourceTree = "<group>"; };
		797CB30428D165DE0055D398 /* Endpoint.swift */ = {isa = PBXFileReference; lastKnownFileType = sourcecode.swift; path = Endpoint.swift; sourceTree = "<group>"; };
		797CB30A28D167F10055D398 /* NonConsumableItemsService.swift */ = {isa = PBXFileReference; lastKnownFileType = sourcecode.swift; path = NonConsumableItemsService.swift; sourceTree = "<group>"; };
		797CB30C28D16AB40055D398 /* ServiceError.swift */ = {isa = PBXFileReference; lastKnownFileType = sourcecode.swift; path = ServiceError.swift; sourceTree = "<group>"; };
		797CB30E28D16B190055D398 /* APICategory.swift */ = {isa = PBXFileReference; lastKnownFileType = sourcecode.swift; path = APICategory.swift; sourceTree = "<group>"; };
		797CB31028D16B280055D398 /* APIConsumableItemsResponse.swift */ = {isa = PBXFileReference; lastKnownFileType = sourcecode.swift; path = APIConsumableItemsResponse.swift; sourceTree = "<group>"; };
		797CB31228D16C4A0055D398 /* DataConstants.swift */ = {isa = PBXFileReference; lastKnownFileType = sourcecode.swift; path = DataConstants.swift; sourceTree = "<group>"; };
		797CB31628D16CD20055D398 /* CategoryItemsServiceTests.swift */ = {isa = PBXFileReference; lastKnownFileType = sourcecode.swift; path = CategoryItemsServiceTests.swift; sourceTree = "<group>"; };
		797E0A9828D3AE4300F9EE1F /* APIFoodItemBuilder.swift */ = {isa = PBXFileReference; lastKnownFileType = sourcecode.swift; path = APIFoodItemBuilder.swift; sourceTree = "<group>"; };
		797E0A9A28D3AEB300F9EE1F /* APINonFoodItemBuilder.swift */ = {isa = PBXFileReference; lastKnownFileType = sourcecode.swift; path = APINonFoodItemBuilder.swift; sourceTree = "<group>"; };
		797E0A9C28D3AF5F00F9EE1F /* DefaultAPICategoryItemsResponseCategoryItemsMapperTests.swift */ = {isa = PBXFileReference; lastKnownFileType = sourcecode.swift; path = DefaultAPICategoryItemsResponseCategoryItemsMapperTests.swift; sourceTree = "<group>"; };
		797E0A9F28D3B8FE00F9EE1F /* CategoryListView.swift */ = {isa = PBXFileReference; lastKnownFileType = sourcecode.swift; path = CategoryListView.swift; sourceTree = "<group>"; };
		79B347C128D55EA600AAB300 /* ItemListViewModel.swift */ = {isa = PBXFileReference; lastKnownFileType = sourcecode.swift; path = ItemListViewModel.swift; sourceTree = "<group>"; };
		79B8D9FD28D6927A00A12A70 /* ItemListNextViewBuilder.swift */ = {isa = PBXFileReference; lastKnownFileType = sourcecode.swift; path = ItemListNextViewBuilder.swift; sourceTree = "<group>"; };
		79B8D9FF28D69BC900A12A70 /* FetchCategoryItemsUseCase.swift */ = {isa = PBXFileReference; lastKnownFileType = sourcecode.swift; path = FetchCategoryItemsUseCase.swift; sourceTree = "<group>"; };
		79CBD92A28D25DE9001E4D92 /* FakeWebClient.swift */ = {isa = PBXFileReference; lastKnownFileType = sourcecode.swift; path = FakeWebClient.swift; sourceTree = "<group>"; };
		79CBD92D28D262B3001E4D92 /* Category.swift */ = {isa = PBXFileReference; lastKnownFileType = sourcecode.swift; path = Category.swift; sourceTree = "<group>"; };
		79CBD92F28D262E2001E4D92 /* CategoryItems.swift */ = {isa = PBXFileReference; lastKnownFileType = sourcecode.swift; path = CategoryItems.swift; sourceTree = "<group>"; };
		79CBD93128D263B2001E4D92 /* CategoryAPICategoryMapper.swift */ = {isa = PBXFileReference; lastKnownFileType = sourcecode.swift; path = CategoryAPICategoryMapper.swift; sourceTree = "<group>"; };
		79CBD93328D2643D001E4D92 /* MapperError.swift */ = {isa = PBXFileReference; lastKnownFileType = sourcecode.swift; path = MapperError.swift; sourceTree = "<group>"; };
		79CBD93528D2656A001E4D92 /* APICategoryItemsResponseCategoryItemsMapper.swift */ = {isa = PBXFileReference; lastKnownFileType = sourcecode.swift; path = APICategoryItemsResponseCategoryItemsMapper.swift; sourceTree = "<group>"; };
		79CBD93728D26899001E4D92 /* EndpointTests.swift */ = {isa = PBXFileReference; lastKnownFileType = sourcecode.swift; path = EndpointTests.swift; sourceTree = "<group>"; };
		79CDF66528D66B93002DCD45 /* CategoryCardView.swift */ = {isa = PBXFileReference; lastKnownFileType = sourcecode.swift; path = CategoryCardView.swift; sourceTree = "<group>"; };
		79CDF66728D6718E002DCD45 /* ItemListRowView.swift */ = {isa = PBXFileReference; lastKnownFileType = sourcecode.swift; path = ItemListRowView.swift; sourceTree = "<group>"; };
		79CDF66928D67CC6002DCD45 /* ItemDetailsViewModel.swift */ = {isa = PBXFileReference; lastKnownFileType = sourcecode.swift; path = ItemDetailsViewModel.swift; sourceTree = "<group>"; };
		79CDF66B28D6822E002DCD45 /* CategoryListNextViewBuilder.swift */ = {isa = PBXFileReference; lastKnownFileType = sourcecode.swift; path = CategoryListNextViewBuilder.swift; sourceTree = "<group>"; };
		79CDF66F28D68382002DCD45 /* CategoryListViewModel.swift */ = {isa = PBXFileReference; lastKnownFileType = sourcecode.swift; path = CategoryListViewModel.swift; sourceTree = "<group>"; };
/* End PBXFileReference section */

/* Begin PBXFrameworksBuildPhase section */
		797CB2BE28D154E60055D398 /* Frameworks */ = {
			isa = PBXFrameworksBuildPhase;
			buildActionMask = 2147483647;
			files = (
			);
			runOnlyForDeploymentPostprocessing = 0;
		};
		797CB2CE28D154E80055D398 /* Frameworks */ = {
			isa = PBXFrameworksBuildPhase;
			buildActionMask = 2147483647;
			files = (
			);
			runOnlyForDeploymentPostprocessing = 0;
		};
		797CB2D828D154E80055D398 /* Frameworks */ = {
			isa = PBXFrameworksBuildPhase;
			buildActionMask = 2147483647;
			files = (
			);
			runOnlyForDeploymentPostprocessing = 0;
		};
/* End PBXFrameworksBuildPhase section */

/* Begin PBXGroup section */
		7915FB0428D3BF72009CBE0B /* Presentation */ = {
			isa = PBXGroup;
			children = (
				7915FB0528D3BF80009CBE0B /* ItemDetailsView.swift */,
				79CDF66928D67CC6002DCD45 /* ItemDetailsViewModel.swift */,
			);
			path = Presentation;
			sourceTree = "<group>";
		};
		7915FB0728D3C08F009CBE0B /* Presentation */ = {
			isa = PBXGroup;
			children = (
				7915FB0828D3C0AE009CBE0B /* ItemListView.swift */,
				79B347C128D55EA600AAB300 /* ItemListViewModel.swift */,
				79CDF66728D6718E002DCD45 /* ItemListRowView.swift */,
				79B8D9FD28D6927A00A12A70 /* ItemListNextViewBuilder.swift */,
			);
			path = Presentation;
			sourceTree = "<group>";
		};
		7915FB0C28D3C135009CBE0B /* Presentation */ = {
			isa = PBXGroup;
			children = (
				7927C41F28D5709D00ED3044 /* Color+hexaInit.swift */,
			);
			path = Presentation;
			sourceTree = "<group>";
		};
		797CB2B828D154E60055D398 = {
			isa = PBXGroup;
			children = (
				797CB2C328D154E60055D398 /* ZeldaBreathOfTheWild */,
				797CB2D428D154E80055D398 /* ZeldaBreathOfTheWildTests */,
				797CB2DE28D154E80055D398 /* ZeldaBreathOfTheWildUITests */,
				797CB2C228D154E60055D398 /* Products */,
			);
			sourceTree = "<group>";
		};
		797CB2C228D154E60055D398 /* Products */ = {
			isa = PBXGroup;
			children = (
				797CB2C128D154E60055D398 /* ZeldaBreathOfTheWild.app */,
				797CB2D128D154E80055D398 /* ZeldaBreathOfTheWildTests.xctest */,
				797CB2DB28D154E80055D398 /* ZeldaBreathOfTheWildUITests.xctest */,
			);
			name = Products;
			sourceTree = "<group>";
		};
		797CB2C328D154E60055D398 /* ZeldaBreathOfTheWild */ = {
			isa = PBXGroup;
			children = (
				797CB30828D167CE0055D398 /* ItemDetails */,
				797CB30728D167B70055D398 /* ItemsList */,
				797CB30628D1678A0055D398 /* CategoryList */,
				797CB2F928D15A9E0055D398 /* Common */,
				797CB2C428D154E60055D398 /* ZeldaBreathOfTheWildApp.swift */,
				7915FB1128D3C438009CBE0B /* ContentView.swift */,
				797CB2C828D154E80055D398 /* Assets.xcassets */,
				797CB2CA28D154E80055D398 /* Preview Content */,
			);
			path = ZeldaBreathOfTheWild;
			sourceTree = "<group>";
		};
		797CB2CA28D154E80055D398 /* Preview Content */ = {
			isa = PBXGroup;
			children = (
				797CB2CB28D154E80055D398 /* Preview Assets.xcassets */,
			);
			path = "Preview Content";
			sourceTree = "<group>";
		};
		797CB2D428D154E80055D398 /* ZeldaBreathOfTheWildTests */ = {
			isa = PBXGroup;
			children = (
				797CB31428D16CBC0055D398 /* CategoryItems */,
				797CB2FF28D15F530055D398 /* Common */,
			);
			path = ZeldaBreathOfTheWildTests;
			sourceTree = "<group>";
		};
		797CB2DE28D154E80055D398 /* ZeldaBreathOfTheWildUITests */ = {
			isa = PBXGroup;
			children = (
				797CB2DF28D154E80055D398 /* ZeldaBreathOfTheWildUITests.swift */,
			);
			path = ZeldaBreathOfTheWildUITests;
			sourceTree = "<group>";
		};
		797CB2EE28D1563F0055D398 /* WebRequestDoubles */ = {
			isa = PBXGroup;
			children = (
				797CB2F728D159060055D398 /* MockURLProtocol.swift */,
			);
			path = WebRequestDoubles;
			sourceTree = "<group>";
		};
		797CB2F928D15A9E0055D398 /* Common */ = {
			isa = PBXGroup;
			children = (
				79CDF67128D684B8002DCD45 /* Domain */,
				7915FB0C28D3C135009CBE0B /* Presentation */,
				797CB2FA28D15AA30055D398 /* Data */,
			);
			path = Common;
			sourceTree = "<group>";
		};
		797CB2FA28D15AA30055D398 /* Data */ = {
			isa = PBXGroup;
			children = (
				7927C42128D57E6000ED3044 /* CategoryTitleRepository.swift */,
				797CB2FB28D15B040055D398 /* WebClientProtocol.swift */,
				797CB2FD28D15B530055D398 /* RESTClient.swift */,
				797CB30428D165DE0055D398 /* Endpoint.swift */,
				797CB30C28D16AB40055D398 /* ServiceError.swift */,
				797CB31228D16C4A0055D398 /* DataConstants.swift */,
				79CBD93328D2643D001E4D92 /* MapperError.swift */,
			);
			path = Data;
			sourceTree = "<group>";
		};
		797CB2FF28D15F530055D398 /* Common */ = {
			isa = PBXGroup;
			children = (
				797CB30028D15F570055D398 /* Data */,
			);
			path = Common;
			sourceTree = "<group>";
		};
		797CB30028D15F570055D398 /* Data */ = {
			isa = PBXGroup;
			children = (
				797CB2EE28D1563F0055D398 /* WebRequestDoubles */,
				797CB30228D15FA30055D398 /* RESTClientTests.swift */,
				79CBD92A28D25DE9001E4D92 /* FakeWebClient.swift */,
				79CBD93728D26899001E4D92 /* EndpointTests.swift */,
			);
			path = Data;
			sourceTree = "<group>";
		};
		797CB30628D1678A0055D398 /* CategoryList */ = {
			isa = PBXGroup;
			children = (
				79CDF66E28D68363002DCD45 /* Data */,
				79CDF66D28D6835E002DCD45 /* Domain */,
				797E0A9E28D3B8EE00F9EE1F /* Presentation */,
			);
			path = CategoryList;
			sourceTree = "<group>";
		};
		797CB30728D167B70055D398 /* ItemsList */ = {
			isa = PBXGroup;
			children = (
				7915FB0728D3C08F009CBE0B /* Presentation */,
				79CBD92C28D26296001E4D92 /* Domain */,
				797CB30928D167D50055D398 /* Data */,
			);
			path = ItemsList;
			sourceTree = "<group>";
		};
		797CB30828D167CE0055D398 /* ItemDetails */ = {
			isa = PBXGroup;
			children = (
				7915FB0428D3BF72009CBE0B /* Presentation */,
			);
			path = ItemDetails;
			sourceTree = "<group>";
		};
		797CB30928D167D50055D398 /* Data */ = {
			isa = PBXGroup;
			children = (
				797CB30A28D167F10055D398 /* NonConsumableItemsService.swift */,
				797CB30E28D16B190055D398 /* APICategory.swift */,
				797CB31028D16B280055D398 /* APIConsumableItemsResponse.swift */,
				79CBD93128D263B2001E4D92 /* CategoryAPICategoryMapper.swift */,
				79CBD93528D2656A001E4D92 /* APICategoryItemsResponseCategoryItemsMapper.swift */,
			);
			path = Data;
			sourceTree = "<group>";
		};
		797CB31428D16CBC0055D398 /* CategoryItems */ = {
			isa = PBXGroup;
			children = (
				797CB31528D16CC10055D398 /* Data */,
			);
			path = CategoryItems;
			sourceTree = "<group>";
		};
		797CB31528D16CC10055D398 /* Data */ = {
			isa = PBXGroup;
			children = (
				797CB31628D16CD20055D398 /* CategoryItemsServiceTests.swift */,
				791BBEDE28D26C8200B3B7D5 /* APIFoodItemFoodItemMapperTests.swift */,
				791BBEE028D26EC200B3B7D5 /* APINonFoodItemNonFoodItemMapperTests.swift */,
				791BBEE228D2701F00B3B7D5 /* CategoryAPICategoryMapperTests.swift */,
				797E0A9828D3AE4300F9EE1F /* APIFoodItemBuilder.swift */,
				797E0A9A28D3AEB300F9EE1F /* APINonFoodItemBuilder.swift */,
				797E0A9C28D3AF5F00F9EE1F /* DefaultAPICategoryItemsResponseCategoryItemsMapperTests.swift */,
			);
			path = Data;
			sourceTree = "<group>";
		};
		797E0A9E28D3B8EE00F9EE1F /* Presentation */ = {
			isa = PBXGroup;
			children = (
				797E0A9F28D3B8FE00F9EE1F /* CategoryListView.swift */,
				79CDF66F28D68382002DCD45 /* CategoryListViewModel.swift */,
				7915FB0A28D3C10F009CBE0B /* CategoryListViewBuilder.swift */,
				79CDF66B28D6822E002DCD45 /* CategoryListNextViewBuilder.swift */,
				79CDF66528D66B93002DCD45 /* CategoryCardView.swift */,
			);
			path = Presentation;
			sourceTree = "<group>";
		};
		79CBD92C28D26296001E4D92 /* Domain */ = {
			isa = PBXGroup;
			children = (
				79CBD92D28D262B3001E4D92 /* Category.swift */,
				79CBD92F28D262E2001E4D92 /* CategoryItems.swift */,
				79B8D9FF28D69BC900A12A70 /* FetchCategoryItemsUseCase.swift */,
			);
			path = Domain;
			sourceTree = "<group>";
		};
		79CDF66D28D6835E002DCD45 /* Domain */ = {
			isa = PBXGroup;
			children = (
			);
			path = Domain;
			sourceTree = "<group>";
		};
		79CDF66E28D68363002DCD45 /* Data */ = {
			isa = PBXGroup;
			children = (
			);
			path = Data;
			sourceTree = "<group>";
		};
		79CDF67128D684B8002DCD45 /* Domain */ = {
			isa = PBXGroup;
			children = (
				7927C42328D57ED600ED3044 /* GetCategoryTitleUseCase.swift */,
			);
			path = Domain;
			sourceTree = "<group>";
		};
/* End PBXGroup section */

/* Begin PBXNativeTarget section */
		797CB2C028D154E60055D398 /* ZeldaBreathOfTheWild */ = {
			isa = PBXNativeTarget;
			buildConfigurationList = 797CB2E528D154E80055D398 /* Build configuration list for PBXNativeTarget "ZeldaBreathOfTheWild" */;
			buildPhases = (
				797CB2BD28D154E60055D398 /* Sources */,
				797CB2BE28D154E60055D398 /* Frameworks */,
				797CB2BF28D154E60055D398 /* Resources */,
			);
			buildRules = (
			);
			dependencies = (
			);
			name = ZeldaBreathOfTheWild;
			productName = ZeldaBreathOfTheWild;
			productReference = 797CB2C128D154E60055D398 /* ZeldaBreathOfTheWild.app */;
			productType = "com.apple.product-type.application";
		};
		797CB2D028D154E80055D398 /* ZeldaBreathOfTheWildTests */ = {
			isa = PBXNativeTarget;
			buildConfigurationList = 797CB2E828D154E80055D398 /* Build configuration list for PBXNativeTarget "ZeldaBreathOfTheWildTests" */;
			buildPhases = (
				797CB2CD28D154E80055D398 /* Sources */,
				797CB2CE28D154E80055D398 /* Frameworks */,
				797CB2CF28D154E80055D398 /* Resources */,
			);
			buildRules = (
			);
			dependencies = (
				797CB2D328D154E80055D398 /* PBXTargetDependency */,
			);
			name = ZeldaBreathOfTheWildTests;
			productName = ZeldaBreathOfTheWildTests;
			productReference = 797CB2D128D154E80055D398 /* ZeldaBreathOfTheWildTests.xctest */;
			productType = "com.apple.product-type.bundle.unit-test";
		};
		797CB2DA28D154E80055D398 /* ZeldaBreathOfTheWildUITests */ = {
			isa = PBXNativeTarget;
			buildConfigurationList = 797CB2EB28D154E80055D398 /* Build configuration list for PBXNativeTarget "ZeldaBreathOfTheWildUITests" */;
			buildPhases = (
				797CB2D728D154E80055D398 /* Sources */,
				797CB2D828D154E80055D398 /* Frameworks */,
				797CB2D928D154E80055D398 /* Resources */,
			);
			buildRules = (
			);
			dependencies = (
				797CB2DD28D154E80055D398 /* PBXTargetDependency */,
			);
			name = ZeldaBreathOfTheWildUITests;
			productName = ZeldaBreathOfTheWildUITests;
			productReference = 797CB2DB28D154E80055D398 /* ZeldaBreathOfTheWildUITests.xctest */;
			productType = "com.apple.product-type.bundle.ui-testing";
		};
/* End PBXNativeTarget section */

/* Begin PBXProject section */
		797CB2B928D154E60055D398 /* Project object */ = {
			isa = PBXProject;
			attributes = {
				BuildIndependentTargetsInParallel = 1;
				LastSwiftUpdateCheck = 1400;
				LastUpgradeCheck = 1400;
				TargetAttributes = {
					797CB2C028D154E60055D398 = {
						CreatedOnToolsVersion = 14.0;
					};
					797CB2D028D154E80055D398 = {
						CreatedOnToolsVersion = 14.0;
						TestTargetID = 797CB2C028D154E60055D398;
					};
					797CB2DA28D154E80055D398 = {
						CreatedOnToolsVersion = 14.0;
						TestTargetID = 797CB2C028D154E60055D398;
					};
				};
			};
			buildConfigurationList = 797CB2BC28D154E60055D398 /* Build configuration list for PBXProject "ZeldaBreathOfTheWild" */;
			compatibilityVersion = "Xcode 14.0";
			developmentRegion = en;
			hasScannedForEncodings = 0;
			knownRegions = (
				en,
				Base,
			);
			mainGroup = 797CB2B828D154E60055D398;
			productRefGroup = 797CB2C228D154E60055D398 /* Products */;
			projectDirPath = "";
			projectRoot = "";
			targets = (
				797CB2C028D154E60055D398 /* ZeldaBreathOfTheWild */,
				797CB2D028D154E80055D398 /* ZeldaBreathOfTheWildTests */,
				797CB2DA28D154E80055D398 /* ZeldaBreathOfTheWildUITests */,
			);
		};
/* End PBXProject section */

/* Begin PBXResourcesBuildPhase section */
		797CB2BF28D154E60055D398 /* Resources */ = {
			isa = PBXResourcesBuildPhase;
			buildActionMask = 2147483647;
			files = (
				797CB2CC28D154E80055D398 /* Preview Assets.xcassets in Resources */,
				797CB2C928D154E80055D398 /* Assets.xcassets in Resources */,
			);
			runOnlyForDeploymentPostprocessing = 0;
		};
		797CB2CF28D154E80055D398 /* Resources */ = {
			isa = PBXResourcesBuildPhase;
			buildActionMask = 2147483647;
			files = (
			);
			runOnlyForDeploymentPostprocessing = 0;
		};
		797CB2D928D154E80055D398 /* Resources */ = {
			isa = PBXResourcesBuildPhase;
			buildActionMask = 2147483647;
			files = (
			);
			runOnlyForDeploymentPostprocessing = 0;
		};
/* End PBXResourcesBuildPhase section */

/* Begin PBXSourcesBuildPhase section */
		797CB2BD28D154E60055D398 /* Sources */ = {
			isa = PBXSourcesBuildPhase;
			buildActionMask = 2147483647;
			files = (
				7927C42228D57E6000ED3044 /* CategoryTitleRepository.swift in Sources */,
				79B347C228D55EA600AAB300 /* ItemListViewModel.swift in Sources */,
				79B8D9FE28D6927A00A12A70 /* ItemListNextViewBuilder.swift in Sources */,
				797CB2FE28D15B530055D398 /* RESTClient.swift in Sources */,
				797CB30528D165DE0055D398 /* Endpoint.swift in Sources */,
				7915FB1228D3C438009CBE0B /* ContentView.swift in Sources */,
				797CB2FC28D15B040055D398 /* WebClientProtocol.swift in Sources */,
				7927C42028D5709D00ED3044 /* Color+hexaInit.swift in Sources */,
				7915FB0928D3C0AE009CBE0B /* ItemListView.swift in Sources */,
				797CB30F28D16B190055D398 /* APICategory.swift in Sources */,
				7915FB0B28D3C10F009CBE0B /* CategoryListViewBuilder.swift in Sources */,
				797E0AA028D3B8FE00F9EE1F /* CategoryListView.swift in Sources */,
				79CBD93428D2643D001E4D92 /* MapperError.swift in Sources */,
				7915FB0628D3BF80009CBE0B /* ItemDetailsView.swift in Sources */,
				797CB31328D16C4A0055D398 /* DataConstants.swift in Sources */,
				79CDF67028D68382002DCD45 /* CategoryListViewModel.swift in Sources */,
				79CDF66C28D6822E002DCD45 /* CategoryListNextViewBuilder.swift in Sources */,
				79CDF66628D66B93002DCD45 /* CategoryCardView.swift in Sources */,
				79CDF66828D6718E002DCD45 /* ItemListRowView.swift in Sources */,
				79CBD93028D262E2001E4D92 /* CategoryItems.swift in Sources */,
				79CBD93228D263B2001E4D92 /* CategoryAPICategoryMapper.swift in Sources */,
				797CB31128D16B280055D398 /* APIConsumableItemsResponse.swift in Sources */,
				797CB30B28D167F10055D398 /* NonConsumableItemsService.swift in Sources */,
				797CB30D28D16AB40055D398 /* ServiceError.swift in Sources */,
				797CB2C528D154E60055D398 /* ZeldaBreathOfTheWildApp.swift in Sources */,
				79CBD93628D2656A001E4D92 /* APICategoryItemsResponseCategoryItemsMapper.swift in Sources */,
				79CBD92E28D262B3001E4D92 /* Category.swift in Sources */,
				79CDF66A28D67CC6002DCD45 /* ItemDetailsViewModel.swift in Sources */,
				7927C42428D57ED600ED3044 /* GetCategoryTitleUseCase.swift in Sources */,
				79B8DA0028D69BC900A12A70 /* FetchCategoryItemsUseCase.swift in Sources */,
			);
			runOnlyForDeploymentPostprocessing = 0;
		};
		797CB2CD28D154E80055D398 /* Sources */ = {
			isa = PBXSourcesBuildPhase;
			buildActionMask = 2147483647;
			files = (
				797CB30328D15FA30055D398 /* RESTClientTests.swift in Sources */,
				797CB31728D16CD20055D398 /* CategoryItemsServiceTests.swift in Sources */,
				797E0A9D28D3AF5F00F9EE1F /* DefaultAPICategoryItemsResponseCategoryItemsMapperTests.swift in Sources */,
				791BBEDF28D26C8200B3B7D5 /* APIFoodItemFoodItemMapperTests.swift in Sources */,
				791BBEE328D2701F00B3B7D5 /* CategoryAPICategoryMapperTests.swift in Sources */,
				791BBEE128D26EC200B3B7D5 /* APINonFoodItemNonFoodItemMapperTests.swift in Sources */,
				797E0A9B28D3AEB300F9EE1F /* APINonFoodItemBuilder.swift in Sources */,
				79CBD92B28D25DE9001E4D92 /* FakeWebClient.swift in Sources */,
				79CBD93828D26899001E4D92 /* EndpointTests.swift in Sources */,
				797CB2F828D159060055D398 /* MockURLProtocol.swift in Sources */,
				797E0A9928D3AE4300F9EE1F /* APIFoodItemBuilder.swift in Sources */,
			);
			runOnlyForDeploymentPostprocessing = 0;
		};
		797CB2D728D154E80055D398 /* Sources */ = {
			isa = PBXSourcesBuildPhase;
			buildActionMask = 2147483647;
			files = (
				797CB2E028D154E80055D398 /* ZeldaBreathOfTheWildUITests.swift in Sources */,
			);
			runOnlyForDeploymentPostprocessing = 0;
		};
/* End PBXSourcesBuildPhase section */

/* Begin PBXTargetDependency section */
		797CB2D328D154E80055D398 /* PBXTargetDependency */ = {
			isa = PBXTargetDependency;
			target = 797CB2C028D154E60055D398 /* ZeldaBreathOfTheWild */;
			targetProxy = 797CB2D228D154E80055D398 /* PBXContainerItemProxy */;
		};
		797CB2DD28D154E80055D398 /* PBXTargetDependency */ = {
			isa = PBXTargetDependency;
			target = 797CB2C028D154E60055D398 /* ZeldaBreathOfTheWild */;
			targetProxy = 797CB2DC28D154E80055D398 /* PBXContainerItemProxy */;
		};
/* End PBXTargetDependency section */

/* Begin XCBuildConfiguration section */
		797CB2E328D154E80055D398 /* Debug */ = {
			isa = XCBuildConfiguration;
			buildSettings = {
				ALWAYS_SEARCH_USER_PATHS = NO;
				CLANG_ANALYZER_NONNULL = YES;
				CLANG_ANALYZER_NUMBER_OBJECT_CONVERSION = YES_AGGRESSIVE;
				CLANG_CXX_LANGUAGE_STANDARD = "gnu++20";
				CLANG_ENABLE_MODULES = YES;
				CLANG_ENABLE_OBJC_ARC = YES;
				CLANG_ENABLE_OBJC_WEAK = YES;
				CLANG_WARN_BLOCK_CAPTURE_AUTORELEASING = YES;
				CLANG_WARN_BOOL_CONVERSION = YES;
				CLANG_WARN_COMMA = YES;
				CLANG_WARN_CONSTANT_CONVERSION = YES;
				CLANG_WARN_DEPRECATED_OBJC_IMPLEMENTATIONS = YES;
				CLANG_WARN_DIRECT_OBJC_ISA_USAGE = YES_ERROR;
				CLANG_WARN_DOCUMENTATION_COMMENTS = YES;
				CLANG_WARN_EMPTY_BODY = YES;
				CLANG_WARN_ENUM_CONVERSION = YES;
				CLANG_WARN_INFINITE_RECURSION = YES;
				CLANG_WARN_INT_CONVERSION = YES;
				CLANG_WARN_NON_LITERAL_NULL_CONVERSION = YES;
				CLANG_WARN_OBJC_IMPLICIT_RETAIN_SELF = YES;
				CLANG_WARN_OBJC_LITERAL_CONVERSION = YES;
				CLANG_WARN_OBJC_ROOT_CLASS = YES_ERROR;
				CLANG_WARN_QUOTED_INCLUDE_IN_FRAMEWORK_HEADER = YES;
				CLANG_WARN_RANGE_LOOP_ANALYSIS = YES;
				CLANG_WARN_STRICT_PROTOTYPES = YES;
				CLANG_WARN_SUSPICIOUS_MOVE = YES;
				CLANG_WARN_UNGUARDED_AVAILABILITY = YES_AGGRESSIVE;
				CLANG_WARN_UNREACHABLE_CODE = YES;
				CLANG_WARN__DUPLICATE_METHOD_MATCH = YES;
				COPY_PHASE_STRIP = NO;
				DEBUG_INFORMATION_FORMAT = dwarf;
				ENABLE_STRICT_OBJC_MSGSEND = YES;
				ENABLE_TESTABILITY = YES;
				GCC_C_LANGUAGE_STANDARD = gnu11;
				GCC_DYNAMIC_NO_PIC = NO;
				GCC_NO_COMMON_BLOCKS = YES;
				GCC_OPTIMIZATION_LEVEL = 0;
				GCC_PREPROCESSOR_DEFINITIONS = (
					"DEBUG=1",
					"$(inherited)",
				);
				GCC_WARN_64_TO_32_BIT_CONVERSION = YES;
				GCC_WARN_ABOUT_RETURN_TYPE = YES_ERROR;
				GCC_WARN_UNDECLARED_SELECTOR = YES;
				GCC_WARN_UNINITIALIZED_AUTOS = YES_AGGRESSIVE;
				GCC_WARN_UNUSED_FUNCTION = YES;
				GCC_WARN_UNUSED_VARIABLE = YES;
				IPHONEOS_DEPLOYMENT_TARGET = 16.0;
				MTL_ENABLE_DEBUG_INFO = INCLUDE_SOURCE;
				MTL_FAST_MATH = YES;
				ONLY_ACTIVE_ARCH = YES;
				SDKROOT = iphoneos;
				SWIFT_ACTIVE_COMPILATION_CONDITIONS = DEBUG;
				SWIFT_OPTIMIZATION_LEVEL = "-Onone";
			};
			name = Debug;
		};
		797CB2E428D154E80055D398 /* Release */ = {
			isa = XCBuildConfiguration;
			buildSettings = {
				ALWAYS_SEARCH_USER_PATHS = NO;
				CLANG_ANALYZER_NONNULL = YES;
				CLANG_ANALYZER_NUMBER_OBJECT_CONVERSION = YES_AGGRESSIVE;
				CLANG_CXX_LANGUAGE_STANDARD = "gnu++20";
				CLANG_ENABLE_MODULES = YES;
				CLANG_ENABLE_OBJC_ARC = YES;
				CLANG_ENABLE_OBJC_WEAK = YES;
				CLANG_WARN_BLOCK_CAPTURE_AUTORELEASING = YES;
				CLANG_WARN_BOOL_CONVERSION = YES;
				CLANG_WARN_COMMA = YES;
				CLANG_WARN_CONSTANT_CONVERSION = YES;
				CLANG_WARN_DEPRECATED_OBJC_IMPLEMENTATIONS = YES;
				CLANG_WARN_DIRECT_OBJC_ISA_USAGE = YES_ERROR;
				CLANG_WARN_DOCUMENTATION_COMMENTS = YES;
				CLANG_WARN_EMPTY_BODY = YES;
				CLANG_WARN_ENUM_CONVERSION = YES;
				CLANG_WARN_INFINITE_RECURSION = YES;
				CLANG_WARN_INT_CONVERSION = YES;
				CLANG_WARN_NON_LITERAL_NULL_CONVERSION = YES;
				CLANG_WARN_OBJC_IMPLICIT_RETAIN_SELF = YES;
				CLANG_WARN_OBJC_LITERAL_CONVERSION = YES;
				CLANG_WARN_OBJC_ROOT_CLASS = YES_ERROR;
				CLANG_WARN_QUOTED_INCLUDE_IN_FRAMEWORK_HEADER = YES;
				CLANG_WARN_RANGE_LOOP_ANALYSIS = YES;
				CLANG_WARN_STRICT_PROTOTYPES = YES;
				CLANG_WARN_SUSPICIOUS_MOVE = YES;
				CLANG_WARN_UNGUARDED_AVAILABILITY = YES_AGGRESSIVE;
				CLANG_WARN_UNREACHABLE_CODE = YES;
				CLANG_WARN__DUPLICATE_METHOD_MATCH = YES;
				COPY_PHASE_STRIP = NO;
				DEBUG_INFORMATION_FORMAT = "dwarf-with-dsym";
				ENABLE_NS_ASSERTIONS = NO;
				ENABLE_STRICT_OBJC_MSGSEND = YES;
				GCC_C_LANGUAGE_STANDARD = gnu11;
				GCC_NO_COMMON_BLOCKS = YES;
				GCC_WARN_64_TO_32_BIT_CONVERSION = YES;
				GCC_WARN_ABOUT_RETURN_TYPE = YES_ERROR;
				GCC_WARN_UNDECLARED_SELECTOR = YES;
				GCC_WARN_UNINITIALIZED_AUTOS = YES_AGGRESSIVE;
				GCC_WARN_UNUSED_FUNCTION = YES;
				GCC_WARN_UNUSED_VARIABLE = YES;
				IPHONEOS_DEPLOYMENT_TARGET = 16.0;
				MTL_ENABLE_DEBUG_INFO = NO;
				MTL_FAST_MATH = YES;
				SDKROOT = iphoneos;
				SWIFT_COMPILATION_MODE = wholemodule;
				SWIFT_OPTIMIZATION_LEVEL = "-O";
				VALIDATE_PRODUCT = YES;
			};
			name = Release;
		};
		797CB2E628D154E80055D398 /* Debug */ = {
			isa = XCBuildConfiguration;
			buildSettings = {
				ASSETCATALOG_COMPILER_APPICON_NAME = AppIcon;
				ASSETCATALOG_COMPILER_GLOBAL_ACCENT_COLOR_NAME = AccentColor;
				CODE_SIGN_STYLE = Automatic;
				CURRENT_PROJECT_VERSION = 1;
				DEVELOPMENT_ASSET_PATHS = "\"ZeldaBreathOfTheWild/Preview Content\"";
				DEVELOPMENT_TEAM = MK9YMN35J9;
				ENABLE_PREVIEWS = YES;
				GENERATE_INFOPLIST_FILE = YES;
				INFOPLIST_KEY_UIApplicationSceneManifest_Generation = YES;
				INFOPLIST_KEY_UIApplicationSupportsIndirectInputEvents = YES;
				INFOPLIST_KEY_UILaunchScreen_Generation = YES;
				INFOPLIST_KEY_UISupportedInterfaceOrientations_iPad = "UIInterfaceOrientationPortrait UIInterfaceOrientationPortraitUpsideDown UIInterfaceOrientationLandscapeLeft UIInterfaceOrientationLandscapeRight";
				INFOPLIST_KEY_UISupportedInterfaceOrientations_iPhone = "UIInterfaceOrientationPortrait UIInterfaceOrientationLandscapeLeft UIInterfaceOrientationLandscapeRight";
				LD_RUNPATH_SEARCH_PATHS = (
					"$(inherited)",
					"@executable_path/Frameworks",
				);
				MARKETING_VERSION = 1.0;
				PRODUCT_BUNDLE_IDENTIFIER = me.luisdavidgoyes.ZeldaBreathOfTheWild;
				PRODUCT_NAME = "$(TARGET_NAME)";
				SWIFT_EMIT_LOC_STRINGS = YES;
				SWIFT_VERSION = 5.0;
				TARGETED_DEVICE_FAMILY = "1,2";
			};
			name = Debug;
		};
		797CB2E728D154E80055D398 /* Release */ = {
			isa = XCBuildConfiguration;
			buildSettings = {
				ASSETCATALOG_COMPILER_APPICON_NAME = AppIcon;
				ASSETCATALOG_COMPILER_GLOBAL_ACCENT_COLOR_NAME = AccentColor;
				CODE_SIGN_STYLE = Automatic;
				CURRENT_PROJECT_VERSION = 1;
				DEVELOPMENT_ASSET_PATHS = "\"ZeldaBreathOfTheWild/Preview Content\"";
				DEVELOPMENT_TEAM = MK9YMN35J9;
				ENABLE_PREVIEWS = YES;
				GENERATE_INFOPLIST_FILE = YES;
				INFOPLIST_KEY_UIApplicationSceneManifest_Generation = YES;
				INFOPLIST_KEY_UIApplicationSupportsIndirectInputEvents = YES;
				INFOPLIST_KEY_UILaunchScreen_Generation = YES;
				INFOPLIST_KEY_UISupportedInterfaceOrientations_iPad = "UIInterfaceOrientationPortrait UIInterfaceOrientationPortraitUpsideDown UIInterfaceOrientationLandscapeLeft UIInterfaceOrientationLandscapeRight";
				INFOPLIST_KEY_UISupportedInterfaceOrientations_iPhone = "UIInterfaceOrientationPortrait UIInterfaceOrientationLandscapeLeft UIInterfaceOrientationLandscapeRight";
				LD_RUNPATH_SEARCH_PATHS = (
					"$(inherited)",
					"@executable_path/Frameworks",
				);
				MARKETING_VERSION = 1.0;
				PRODUCT_BUNDLE_IDENTIFIER = me.luisdavidgoyes.ZeldaBreathOfTheWild;
				PRODUCT_NAME = "$(TARGET_NAME)";
				SWIFT_EMIT_LOC_STRINGS = YES;
				SWIFT_VERSION = 5.0;
				TARGETED_DEVICE_FAMILY = "1,2";
			};
			name = Release;
		};
		797CB2E928D154E80055D398 /* Debug */ = {
			isa = XCBuildConfiguration;
			buildSettings = {
				ALWAYS_EMBED_SWIFT_STANDARD_LIBRARIES = YES;
				BUNDLE_LOADER = "$(TEST_HOST)";
				CODE_SIGN_STYLE = Automatic;
				CURRENT_PROJECT_VERSION = 1;
				DEVELOPMENT_TEAM = MK9YMN35J9;
				GENERATE_INFOPLIST_FILE = YES;
				IPHONEOS_DEPLOYMENT_TARGET = 16.0;
				MARKETING_VERSION = 1.0;
				PRODUCT_BUNDLE_IDENTIFIER = me.luisdavidgoyes.ZeldaBreathOfTheWildTests;
				PRODUCT_NAME = "$(TARGET_NAME)";
				SWIFT_EMIT_LOC_STRINGS = NO;
				SWIFT_VERSION = 5.0;
				TARGETED_DEVICE_FAMILY = "1,2";
				TEST_HOST = "$(BUILT_PRODUCTS_DIR)/ZeldaBreathOfTheWild.app/$(BUNDLE_EXECUTABLE_FOLDER_PATH)/ZeldaBreathOfTheWild";
			};
			name = Debug;
		};
		797CB2EA28D154E80055D398 /* Release */ = {
			isa = XCBuildConfiguration;
			buildSettings = {
				ALWAYS_EMBED_SWIFT_STANDARD_LIBRARIES = YES;
				BUNDLE_LOADER = "$(TEST_HOST)";
				CODE_SIGN_STYLE = Automatic;
				CURRENT_PROJECT_VERSION = 1;
				DEVELOPMENT_TEAM = MK9YMN35J9;
				GENERATE_INFOPLIST_FILE = YES;
				IPHONEOS_DEPLOYMENT_TARGET = 16.0;
				MARKETING_VERSION = 1.0;
				PRODUCT_BUNDLE_IDENTIFIER = me.luisdavidgoyes.ZeldaBreathOfTheWildTests;
				PRODUCT_NAME = "$(TARGET_NAME)";
				SWIFT_EMIT_LOC_STRINGS = NO;
				SWIFT_VERSION = 5.0;
				TARGETED_DEVICE_FAMILY = "1,2";
				TEST_HOST = "$(BUILT_PRODUCTS_DIR)/ZeldaBreathOfTheWild.app/$(BUNDLE_EXECUTABLE_FOLDER_PATH)/ZeldaBreathOfTheWild";
			};
			name = Release;
		};
		797CB2EC28D154E80055D398 /* Debug */ = {
			isa = XCBuildConfiguration;
			buildSettings = {
				ALWAYS_EMBED_SWIFT_STANDARD_LIBRARIES = YES;
				CODE_SIGN_STYLE = Automatic;
				CURRENT_PROJECT_VERSION = 1;
				DEVELOPMENT_TEAM = MK9YMN35J9;
				GENERATE_INFOPLIST_FILE = YES;
				MARKETING_VERSION = 1.0;
				PRODUCT_BUNDLE_IDENTIFIER = me.luisdavidgoyes.ZeldaBreathOfTheWildUITests;
				PRODUCT_NAME = "$(TARGET_NAME)";
				SWIFT_EMIT_LOC_STRINGS = NO;
				SWIFT_VERSION = 5.0;
				TARGETED_DEVICE_FAMILY = "1,2";
				TEST_TARGET_NAME = ZeldaBreathOfTheWild;
			};
			name = Debug;
		};
		797CB2ED28D154E80055D398 /* Release */ = {
			isa = XCBuildConfiguration;
			buildSettings = {
				ALWAYS_EMBED_SWIFT_STANDARD_LIBRARIES = YES;
				CODE_SIGN_STYLE = Automatic;
				CURRENT_PROJECT_VERSION = 1;
				DEVELOPMENT_TEAM = MK9YMN35J9;
				GENERATE_INFOPLIST_FILE = YES;
				MARKETING_VERSION = 1.0;
				PRODUCT_BUNDLE_IDENTIFIER = me.luisdavidgoyes.ZeldaBreathOfTheWildUITests;
				PRODUCT_NAME = "$(TARGET_NAME)";
				SWIFT_EMIT_LOC_STRINGS = NO;
				SWIFT_VERSION = 5.0;
				TARGETED_DEVICE_FAMILY = "1,2";
				TEST_TARGET_NAME = ZeldaBreathOfTheWild;
			};
			name = Release;
		};
/* End XCBuildConfiguration section */

/* Begin XCConfigurationList section */
		797CB2BC28D154E60055D398 /* Build configuration list for PBXProject "ZeldaBreathOfTheWild" */ = {
			isa = XCConfigurationList;
			buildConfigurations = (
				797CB2E328D154E80055D398 /* Debug */,
				797CB2E428D154E80055D398 /* Release */,
			);
			defaultConfigurationIsVisible = 0;
			defaultConfigurationName = Release;
		};
		797CB2E528D154E80055D398 /* Build configuration list for PBXNativeTarget "ZeldaBreathOfTheWild" */ = {
			isa = XCConfigurationList;
			buildConfigurations = (
				797CB2E628D154E80055D398 /* Debug */,
				797CB2E728D154E80055D398 /* Release */,
			);
			defaultConfigurationIsVisible = 0;
			defaultConfigurationName = Release;
		};
		797CB2E828D154E80055D398 /* Build configuration list for PBXNativeTarget "ZeldaBreathOfTheWildTests" */ = {
			isa = XCConfigurationList;
			buildConfigurations = (
				797CB2E928D154E80055D398 /* Debug */,
				797CB2EA28D154E80055D398 /* Release */,
			);
			defaultConfigurationIsVisible = 0;
			defaultConfigurationName = Release;
		};
		797CB2EB28D154E80055D398 /* Build configuration list for PBXNativeTarget "ZeldaBreathOfTheWildUITests" */ = {
			isa = XCConfigurationList;
			buildConfigurations = (
				797CB2EC28D154E80055D398 /* Debug */,
				797CB2ED28D154E80055D398 /* Release */,
			);
			defaultConfigurationIsVisible = 0;
			defaultConfigurationName = Release;
		};
/* End XCConfigurationList section */
	};
	rootObject = 797CB2B928D154E60055D398 /* Project object */;
}
